
Microsoft Visual Studio Solution File, Format Version 12.00
# Visual Studio Version 17
VisualStudioVersion = 17.14.36717.8 d17.14
MinimumVisualStudioVersion = 10.0.40219.1
Project("{FAE04EC0-301F-11D3-BF4B-00C04F79EFBC}") = "MedinovaApplication", "MedinovaApplication\MedinovaApplication.csproj", "{B08EFD65-2570-4FD8-8D2A-5A101C61BCE9}"
EndProject
Global
	GlobalSection(SolutionConfigurationPlatforms) = preSolution
		Debug|Any CPU = Debug|Any CPU
		Release|Any CPU = Release|Any CPU
	EndGlobalSection
	GlobalSection(ProjectConfigurationPlatforms) = postSolution
		{B08EFD65-2570-4FD8-8D2A-5A101C61BCE9}.Debug|Any CPU.ActiveCfg = Debug|Any CPU
		{B08EFD65-2570-4FD8-8D2A-5A101C61BCE9}.Debug|Any CPU.Build.0 = Debug|Any CPU
		{B08EFD65-2570-4FD8-8D2A-5A101C61BCE9}.Release|Any CPU.ActiveCfg = Release|Any CPU
		{B08EFD65-2570-4FD8-8D2A-5A101C61BCE9}.Release|Any CPU.Build.0 = Release|Any CPU
	EndGlobalSection
	GlobalSection(SolutionProperties) = preSolution
		HideSolutionNode = FALSE
	EndGlobalSection
	GlobalSection(ExtensibilityGlobals) = postSolution
		SolutionGuid = {72404396-1279-4C28-A350-2B214EC70F55}
	EndGlobalSection
EndGlobal
